
Microsoft Visual Studio Solution File, Format Version 12.00
# Visual Studio Version 16
VisualStudioVersion = 16.0.30204.135
MinimumVisualStudioVersion = 10.0.40219.1
Project("{9A19103F-16F7-4668-BE54-9A1E7A4F7556}") = "RST.Admin.Web.Api", "RST.Admin.Web.Api\RST.Admin.Web.Api.csproj", "{F7BEEEBA-D7F1-4B07-ABF1-EAE82E3BE24A}"
EndProject
Project("{2150E333-8FDC-42A3-9474-1A3956D46DE8}") = "Services", "Services", "{C334F7CE-9C6A-40FC-8C24-F9C091B0E765}"
EndProject
Project("{2150E333-8FDC-42A3-9474-1A3956D46DE8}") = "Shared", "Shared", "{6F2C7E18-769C-4492-9177-D75A4C91E343}"
EndProject
Project("{2150E333-8FDC-42A3-9474-1A3956D46DE8}") = "FrontEnd", "FrontEnd", "{3A28557F-57E8-4AD6-A76D-50AD1880B547}"
	ProjectSection(SolutionItems) = preProject
		Issues.txt = Issues.txt
	EndProjectSection
EndProject
Project("{9A19103F-16F7-4668-BE54-9A1E7A4F7556}") = "RST.Shared", "RST.Shared\RST.Shared.csproj", "{C7DA1751-3BF9-4FC0-8AB5-F83850112733}"
EndProject
Project("{9A19103F-16F7-4668-BE54-9A1E7A4F7556}") = "ServiceUser", "ServiceUser\ServiceUser.csproj", "{D9E5EF44-F96B-4AAD-803F-213E7AB64E1D}"
EndProject
Project("{9A19103F-16F7-4668-BE54-9A1E7A4F7556}") = "ServiceHelper", "ServiceHelper\ServiceHelper.csproj", "{37FE14A4-F9B2-4721-9A5B-95B0F675930A}"
EndProject
Project("{2150E333-8FDC-42A3-9474-1A3956D46DE8}") = "Model", "Model", "{CBFE37ED-3D10-40FA-9D7F-A882ACD4AD34}"
EndProject
Project("{9A19103F-16F7-4668-BE54-9A1E7A4F7556}") = "ModelUser", "ModelUser\ModelUser.csproj", "{C9C52BC4-6A6C-496C-BCDD-1BDDC7D75E24}"
EndProject
Project("{9A19103F-16F7-4668-BE54-9A1E7A4F7556}") = "ADO", "ADO\ADO.csproj", "{2634B245-44C9-4C21-9823-EA8CCBE312CC}"
EndProject
Project("{9A19103F-16F7-4668-BE54-9A1E7A4F7556}") = "Infrastructure", "Infrastructure\Infrastructure.csproj", "{E38C9929-A101-40AA-BF34-152B812ED60F}"
EndProject
Project("{9A19103F-16F7-4668-BE54-9A1E7A4F7556}") = "ServiceDemo", "ServiceDemo\ServiceDemo.csproj", "{222CEFB3-DD70-4260-98F8-735DAE071A11}"
EndProject
Project("{9A19103F-16F7-4668-BE54-9A1E7A4F7556}") = "ModelDemo", "ModelDemo\ModelDemo.csproj", "{AB6C8353-0906-4D5E-AACE-CDF5B77493D8}"
EndProject
Project("{9A19103F-16F7-4668-BE54-9A1E7A4F7556}") = "ModelLookup", "ModelLookup\ModelLookup.csproj", "{D0356C3E-7843-4D12-A48D-4AF94480D19A}"
EndProject
Project("{9A19103F-16F7-4668-BE54-9A1E7A4F7556}") = "ServiceLookup", "ServiceLookup\ServiceLookup.csproj", "{5911C5FC-8609-4E59-910D-3B7E4D22892F}"
EndProject
Project("{9A19103F-16F7-4668-BE54-9A1E7A4F7556}") = "ServiceCodeGenerator", "ServiceCodeGenerator\ServiceCodeGenerator.csproj", "{D9102252-B77F-403E-AD24-4F25C6EC902C}"
EndProject
Project("{9A19103F-16F7-4668-BE54-9A1E7A4F7556}") = "ModelCodeGenerator", "ModelCodeGenerator\ModelCodeGenerator.csproj", "{8EAB5FD6-44DA-48F4-AD5F-963A78FEC73E}"
EndProject
Project("{9A19103F-16F7-4668-BE54-9A1E7A4F7556}") = "ModelProduct", "ModelProduct\ModelProduct.csproj", "{A497D51A-7C14-4207-BE15-12174F5C9395}"
EndProject
Project("{9A19103F-16F7-4668-BE54-9A1E7A4F7556}") = "ServiceProduct", "ServiceProduct\ServiceProduct.csproj", "{50A3920A-42A0-452C-8B70-9C0078FE06AF}"
EndProject
Project("{9A19103F-16F7-4668-BE54-9A1E7A4F7556}") = "ModelSEO", "ModelSEO\ModelSEO.csproj", "{615F251B-48AD-4EF3-8021-6031A27862D1}"
EndProject
Project("{9A19103F-16F7-4668-BE54-9A1E7A4F7556}") = "ServiceSEO", "ServiceSEO\ServiceSEO.csproj", "{BD908AD5-2CF4-4ABD-863F-420585823066}"
EndProject
Project("{9A19103F-16F7-4668-BE54-9A1E7A4F7556}") = "ModelSpecifications", "ModelSpecifications\ModelSpecifications.csproj", "{D2CDDD7D-B6A0-4F5F-9978-A4246B4D8984}"
EndProject
Project("{9A19103F-16F7-4668-BE54-9A1E7A4F7556}") = "ServiceSpecification", "ServiceSpecification\ServiceSpecification.csproj", "{EC25FDA4-BC12-49FF-9009-B88684813BF8}"
EndProject
Project("{9A19103F-16F7-4668-BE54-9A1E7A4F7556}") = "ServiceSMS", "ServiceSMS\ServiceSMS.csproj", "{DC2C34DF-D711-4D6F-8E00-13A4A4AB412A}"
EndProject
Project("{9A19103F-16F7-4668-BE54-9A1E7A4F7556}") = "ServiceCategories", "ServiceCategories\ServiceCategories.csproj", "{D4129C8E-579B-4244-9C36-FFCB63DDB359}"
EndProject
Project("{9A19103F-16F7-4668-BE54-9A1E7A4F7556}") = "ModelCategories", "ModelCategories\ModelCategories.csproj", "{3973AC34-7517-4E93-B373-94A205A3E314}"
EndProject
Project("{FAE04EC0-301F-11D3-BF4B-00C04F79EFBC}") = "ADO.NET", "ADO.NET\ADO.NET.csproj", "{08443A28-126E-4C21-83CF-AD77EC7D212C}"
EndProject
Project("{9A19103F-16F7-4668-BE54-9A1E7A4F7556}") = "Frontend.Web.Api", "Frontend.Web.Api\Frontend.Web.Api.csproj", "{49BE8AB9-ECBB-4548-B76D-4A1B554ADB11}"
EndProject
Project("{9A19103F-16F7-4668-BE54-9A1E7A4F7556}") = "ServiceProductImage", "ServiceProductImage\ServiceProductImage.csproj", "{27F1AA91-102C-4C40-8219-ADFFC9FC5DE0}"
EndProject
Project("{9A19103F-16F7-4668-BE54-9A1E7A4F7556}") = "ModelProductImages", "ModelProductImages\ModelProductImages.csproj", "{DC3E5985-8BA7-45CE-8C4B-426FA3B9FCC3}"
EndProject
Project("{9A19103F-16F7-4668-BE54-9A1E7A4F7556}") = "ModelCommon", "ModelCommon\ModelCommon.csproj", "{0BC7122F-0305-497C-BF01-C21B77F44FF6}"
EndProject
Project("{9A19103F-16F7-4668-BE54-9A1E7A4F7556}") = "Content.Web.API", "Content.Web.API\Content.Web.API.csproj", "{1CAB1C1D-9A8F-4328-B9F0-718EE5A5EB65}"
EndProject
Project("{9A19103F-16F7-4668-BE54-9A1E7A4F7556}") = "ModelAdvertisement", "ModelAdvertisement\ModelAdvertisement.csproj", "{E92C09FA-5C26-46DB-B848-D0D1A3CA98EB}"
EndProject
Project("{9A19103F-16F7-4668-BE54-9A1E7A4F7556}") = "ModelNotification", "ModelNotification\ModelNotification.csproj", "{F66C915F-3B5A-4D4B-A16A-4C0C6015D12E}"
EndProject
Project("{9A19103F-16F7-4668-BE54-9A1E7A4F7556}") = "ServiceNotification", "ServiceNotification\ServiceNotification.csproj", "{F28F74B0-AC96-4CD9-B170-CB7EE65F91DA}"
EndProject
Project("{FAE04EC0-301F-11D3-BF4B-00C04F79EFBC}") = "ModelFormBuilder", "ModelFormBuilder\ModelFormBuilder.csproj", "{F081936B-6E94-4B0A-92DF-D06F4E7D484F}"
EndProject
Project("{FAE04EC0-301F-11D3-BF4B-00C04F79EFBC}") = "ServiceFormBuilder", "ServiceFormBuilder\ServiceFormBuilder.csproj", "{807ED887-2CC3-4EB3-AD0E-4E5041883AD2}"
EndProject
Global
	GlobalSection(SolutionConfigurationPlatforms) = preSolution
		Debug|Any CPU = Debug|Any CPU
		Release|Any CPU = Release|Any CPU
	EndGlobalSection
	GlobalSection(ProjectConfigurationPlatforms) = postSolution
		{F7BEEEBA-D7F1-4B07-ABF1-EAE82E3BE24A}.Debug|Any CPU.ActiveCfg = Debug|Any CPU
		{F7BEEEBA-D7F1-4B07-ABF1-EAE82E3BE24A}.Debug|Any CPU.Build.0 = Debug|Any CPU
		{F7BEEEBA-D7F1-4B07-ABF1-EAE82E3BE24A}.Release|Any CPU.ActiveCfg = Release|Any CPU
		{F7BEEEBA-D7F1-4B07-ABF1-EAE82E3BE24A}.Release|Any CPU.Build.0 = Release|Any CPU
		{C7DA1751-3BF9-4FC0-8AB5-F83850112733}.Debug|Any CPU.ActiveCfg = Debug|Any CPU
		{C7DA1751-3BF9-4FC0-8AB5-F83850112733}.Debug|Any CPU.Build.0 = Debug|Any CPU
		{C7DA1751-3BF9-4FC0-8AB5-F83850112733}.Release|Any CPU.ActiveCfg = Release|Any CPU
		{C7DA1751-3BF9-4FC0-8AB5-F83850112733}.Release|Any CPU.Build.0 = Release|Any CPU
		{D9E5EF44-F96B-4AAD-803F-213E7AB64E1D}.Debug|Any CPU.ActiveCfg = Debug|Any CPU
		{D9E5EF44-F96B-4AAD-803F-213E7AB64E1D}.Debug|Any CPU.Build.0 = Debug|Any CPU
		{D9E5EF44-F96B-4AAD-803F-213E7AB64E1D}.Release|Any CPU.ActiveCfg = Release|Any CPU
		{D9E5EF44-F96B-4AAD-803F-213E7AB64E1D}.Release|Any CPU.Build.0 = Release|Any CPU
		{37FE14A4-F9B2-4721-9A5B-95B0F675930A}.Debug|Any CPU.ActiveCfg = Debug|Any CPU
		{37FE14A4-F9B2-4721-9A5B-95B0F675930A}.Debug|Any CPU.Build.0 = Debug|Any CPU
		{37FE14A4-F9B2-4721-9A5B-95B0F675930A}.Release|Any CPU.ActiveCfg = Release|Any CPU
		{37FE14A4-F9B2-4721-9A5B-95B0F675930A}.Release|Any CPU.Build.0 = Release|Any CPU
		{C9C52BC4-6A6C-496C-BCDD-1BDDC7D75E24}.Debug|Any CPU.ActiveCfg = Debug|Any CPU
		{C9C52BC4-6A6C-496C-BCDD-1BDDC7D75E24}.Debug|Any CPU.Build.0 = Debug|Any CPU
		{C9C52BC4-6A6C-496C-BCDD-1BDDC7D75E24}.Release|Any CPU.ActiveCfg = Release|Any CPU
		{C9C52BC4-6A6C-496C-BCDD-1BDDC7D75E24}.Release|Any CPU.Build.0 = Release|Any CPU
		{2634B245-44C9-4C21-9823-EA8CCBE312CC}.Debug|Any CPU.ActiveCfg = Debug|Any CPU
		{2634B245-44C9-4C21-9823-EA8CCBE312CC}.Debug|Any CPU.Build.0 = Debug|Any CPU
		{2634B245-44C9-4C21-9823-EA8CCBE312CC}.Release|Any CPU.ActiveCfg = Release|Any CPU
		{2634B245-44C9-4C21-9823-EA8CCBE312CC}.Release|Any CPU.Build.0 = Release|Any CPU
		{E38C9929-A101-40AA-BF34-152B812ED60F}.Debug|Any CPU.ActiveCfg = Debug|Any CPU
		{E38C9929-A101-40AA-BF34-152B812ED60F}.Debug|Any CPU.Build.0 = Debug|Any CPU
		{E38C9929-A101-40AA-BF34-152B812ED60F}.Release|Any CPU.ActiveCfg = Release|Any CPU
		{E38C9929-A101-40AA-BF34-152B812ED60F}.Release|Any CPU.Build.0 = Release|Any CPU
		{222CEFB3-DD70-4260-98F8-735DAE071A11}.Debug|Any CPU.ActiveCfg = Debug|Any CPU
		{222CEFB3-DD70-4260-98F8-735DAE071A11}.Debug|Any CPU.Build.0 = Debug|Any CPU
		{222CEFB3-DD70-4260-98F8-735DAE071A11}.Release|Any CPU.ActiveCfg = Release|Any CPU
		{222CEFB3-DD70-4260-98F8-735DAE071A11}.Release|Any CPU.Build.0 = Release|Any CPU
		{AB6C8353-0906-4D5E-AACE-CDF5B77493D8}.Debug|Any CPU.ActiveCfg = Debug|Any CPU
		{AB6C8353-0906-4D5E-AACE-CDF5B77493D8}.Debug|Any CPU.Build.0 = Debug|Any CPU
		{AB6C8353-0906-4D5E-AACE-CDF5B77493D8}.Release|Any CPU.ActiveCfg = Release|Any CPU
		{AB6C8353-0906-4D5E-AACE-CDF5B77493D8}.Release|Any CPU.Build.0 = Release|Any CPU
		{D0356C3E-7843-4D12-A48D-4AF94480D19A}.Debug|Any CPU.ActiveCfg = Debug|Any CPU
		{D0356C3E-7843-4D12-A48D-4AF94480D19A}.Debug|Any CPU.Build.0 = Debug|Any CPU
		{D0356C3E-7843-4D12-A48D-4AF94480D19A}.Release|Any CPU.ActiveCfg = Release|Any CPU
		{D0356C3E-7843-4D12-A48D-4AF94480D19A}.Release|Any CPU.Build.0 = Release|Any CPU
		{5911C5FC-8609-4E59-910D-3B7E4D22892F}.Debug|Any CPU.ActiveCfg = Debug|Any CPU
		{5911C5FC-8609-4E59-910D-3B7E4D22892F}.Debug|Any CPU.Build.0 = Debug|Any CPU
		{5911C5FC-8609-4E59-910D-3B7E4D22892F}.Release|Any CPU.ActiveCfg = Release|Any CPU
		{5911C5FC-8609-4E59-910D-3B7E4D22892F}.Release|Any CPU.Build.0 = Release|Any CPU
		{D9102252-B77F-403E-AD24-4F25C6EC902C}.Debug|Any CPU.ActiveCfg = Debug|Any CPU
		{D9102252-B77F-403E-AD24-4F25C6EC902C}.Debug|Any CPU.Build.0 = Debug|Any CPU
		{D9102252-B77F-403E-AD24-4F25C6EC902C}.Release|Any CPU.ActiveCfg = Release|Any CPU
		{D9102252-B77F-403E-AD24-4F25C6EC902C}.Release|Any CPU.Build.0 = Release|Any CPU
		{8EAB5FD6-44DA-48F4-AD5F-963A78FEC73E}.Debug|Any CPU.ActiveCfg = Debug|Any CPU
		{8EAB5FD6-44DA-48F4-AD5F-963A78FEC73E}.Debug|Any CPU.Build.0 = Debug|Any CPU
		{8EAB5FD6-44DA-48F4-AD5F-963A78FEC73E}.Release|Any CPU.ActiveCfg = Release|Any CPU
		{8EAB5FD6-44DA-48F4-AD5F-963A78FEC73E}.Release|Any CPU.Build.0 = Release|Any CPU
		{A497D51A-7C14-4207-BE15-12174F5C9395}.Debug|Any CPU.ActiveCfg = Debug|Any CPU
		{A497D51A-7C14-4207-BE15-12174F5C9395}.Debug|Any CPU.Build.0 = Debug|Any CPU
		{A497D51A-7C14-4207-BE15-12174F5C9395}.Release|Any CPU.ActiveCfg = Release|Any CPU
		{A497D51A-7C14-4207-BE15-12174F5C9395}.Release|Any CPU.Build.0 = Release|Any CPU
		{50A3920A-42A0-452C-8B70-9C0078FE06AF}.Debug|Any CPU.ActiveCfg = Debug|Any CPU
		{50A3920A-42A0-452C-8B70-9C0078FE06AF}.Debug|Any CPU.Build.0 = Debug|Any CPU
		{50A3920A-42A0-452C-8B70-9C0078FE06AF}.Release|Any CPU.ActiveCfg = Release|Any CPU
		{50A3920A-42A0-452C-8B70-9C0078FE06AF}.Release|Any CPU.Build.0 = Release|Any CPU
		{615F251B-48AD-4EF3-8021-6031A27862D1}.Debug|Any CPU.ActiveCfg = Debug|Any CPU
		{615F251B-48AD-4EF3-8021-6031A27862D1}.Debug|Any CPU.Build.0 = Debug|Any CPU
		{615F251B-48AD-4EF3-8021-6031A27862D1}.Release|Any CPU.ActiveCfg = Release|Any CPU
		{615F251B-48AD-4EF3-8021-6031A27862D1}.Release|Any CPU.Build.0 = Release|Any CPU
		{BD908AD5-2CF4-4ABD-863F-420585823066}.Debug|Any CPU.ActiveCfg = Debug|Any CPU
		{BD908AD5-2CF4-4ABD-863F-420585823066}.Debug|Any CPU.Build.0 = Debug|Any CPU
		{BD908AD5-2CF4-4ABD-863F-420585823066}.Release|Any CPU.ActiveCfg = Release|Any CPU
		{BD908AD5-2CF4-4ABD-863F-420585823066}.Release|Any CPU.Build.0 = Release|Any CPU
		{D2CDDD7D-B6A0-4F5F-9978-A4246B4D8984}.Debug|Any CPU.ActiveCfg = Debug|Any CPU
		{D2CDDD7D-B6A0-4F5F-9978-A4246B4D8984}.Debug|Any CPU.Build.0 = Debug|Any CPU
		{D2CDDD7D-B6A0-4F5F-9978-A4246B4D8984}.Release|Any CPU.ActiveCfg = Release|Any CPU
		{D2CDDD7D-B6A0-4F5F-9978-A4246B4D8984}.Release|Any CPU.Build.0 = Release|Any CPU
		{EC25FDA4-BC12-49FF-9009-B88684813BF8}.Debug|Any CPU.ActiveCfg = Debug|Any CPU
		{EC25FDA4-BC12-49FF-9009-B88684813BF8}.Debug|Any CPU.Build.0 = Debug|Any CPU
		{EC25FDA4-BC12-49FF-9009-B88684813BF8}.Release|Any CPU.ActiveCfg = Release|Any CPU
		{EC25FDA4-BC12-49FF-9009-B88684813BF8}.Release|Any CPU.Build.0 = Release|Any CPU
		{DC2C34DF-D711-4D6F-8E00-13A4A4AB412A}.Debug|Any CPU.ActiveCfg = Debug|Any CPU
		{DC2C34DF-D711-4D6F-8E00-13A4A4AB412A}.Debug|Any CPU.Build.0 = Debug|Any CPU
		{DC2C34DF-D711-4D6F-8E00-13A4A4AB412A}.Release|Any CPU.ActiveCfg = Release|Any CPU
		{DC2C34DF-D711-4D6F-8E00-13A4A4AB412A}.Release|Any CPU.Build.0 = Release|Any CPU
		{D4129C8E-579B-4244-9C36-FFCB63DDB359}.Debug|Any CPU.ActiveCfg = Debug|Any CPU
		{D4129C8E-579B-4244-9C36-FFCB63DDB359}.Debug|Any CPU.Build.0 = Debug|Any CPU
		{D4129C8E-579B-4244-9C36-FFCB63DDB359}.Release|Any CPU.ActiveCfg = Release|Any CPU
		{D4129C8E-579B-4244-9C36-FFCB63DDB359}.Release|Any CPU.Build.0 = Release|Any CPU
		{3973AC34-7517-4E93-B373-94A205A3E314}.Debug|Any CPU.ActiveCfg = Debug|Any CPU
		{3973AC34-7517-4E93-B373-94A205A3E314}.Debug|Any CPU.Build.0 = Debug|Any CPU
		{3973AC34-7517-4E93-B373-94A205A3E314}.Release|Any CPU.ActiveCfg = Release|Any CPU
		{3973AC34-7517-4E93-B373-94A205A3E314}.Release|Any CPU.Build.0 = Release|Any CPU
		{08443A28-126E-4C21-83CF-AD77EC7D212C}.Debug|Any CPU.ActiveCfg = Debug|Any CPU
		{08443A28-126E-4C21-83CF-AD77EC7D212C}.Debug|Any CPU.Build.0 = Debug|Any CPU
		{08443A28-126E-4C21-83CF-AD77EC7D212C}.Release|Any CPU.ActiveCfg = Release|Any CPU
		{08443A28-126E-4C21-83CF-AD77EC7D212C}.Release|Any CPU.Build.0 = Release|Any CPU
		{49BE8AB9-ECBB-4548-B76D-4A1B554ADB11}.Debug|Any CPU.ActiveCfg = Debug|Any CPU
		{49BE8AB9-ECBB-4548-B76D-4A1B554ADB11}.Debug|Any CPU.Build.0 = Debug|Any CPU
		{49BE8AB9-ECBB-4548-B76D-4A1B554ADB11}.Release|Any CPU.ActiveCfg = Release|Any CPU
		{49BE8AB9-ECBB-4548-B76D-4A1B554ADB11}.Release|Any CPU.Build.0 = Release|Any CPU
		{27F1AA91-102C-4C40-8219-ADFFC9FC5DE0}.Debug|Any CPU.ActiveCfg = Debug|Any CPU
		{27F1AA91-102C-4C40-8219-ADFFC9FC5DE0}.Debug|Any CPU.Build.0 = Debug|Any CPU
		{27F1AA91-102C-4C40-8219-ADFFC9FC5DE0}.Release|Any CPU.ActiveCfg = Release|Any CPU
		{27F1AA91-102C-4C40-8219-ADFFC9FC5DE0}.Release|Any CPU.Build.0 = Release|Any CPU
		{DC3E5985-8BA7-45CE-8C4B-426FA3B9FCC3}.Debug|Any CPU.ActiveCfg = Debug|Any CPU
		{DC3E5985-8BA7-45CE-8C4B-426FA3B9FCC3}.Debug|Any CPU.Build.0 = Debug|Any CPU
		{DC3E5985-8BA7-45CE-8C4B-426FA3B9FCC3}.Release|Any CPU.ActiveCfg = Release|Any CPU
		{DC3E5985-8BA7-45CE-8C4B-426FA3B9FCC3}.Release|Any CPU.Build.0 = Release|Any CPU
		{0BC7122F-0305-497C-BF01-C21B77F44FF6}.Debug|Any CPU.ActiveCfg = Debug|Any CPU
		{0BC7122F-0305-497C-BF01-C21B77F44FF6}.Debug|Any CPU.Build.0 = Debug|Any CPU
		{0BC7122F-0305-497C-BF01-C21B77F44FF6}.Release|Any CPU.ActiveCfg = Release|Any CPU
		{0BC7122F-0305-497C-BF01-C21B77F44FF6}.Release|Any CPU.Build.0 = Release|Any CPU
		{1CAB1C1D-9A8F-4328-B9F0-718EE5A5EB65}.Debug|Any CPU.ActiveCfg = Debug|Any CPU
		{1CAB1C1D-9A8F-4328-B9F0-718EE5A5EB65}.Debug|Any CPU.Build.0 = Debug|Any CPU
		{1CAB1C1D-9A8F-4328-B9F0-718EE5A5EB65}.Release|Any CPU.ActiveCfg = Release|Any CPU
		{1CAB1C1D-9A8F-4328-B9F0-718EE5A5EB65}.Release|Any CPU.Build.0 = Release|Any CPU
		{E92C09FA-5C26-46DB-B848-D0D1A3CA98EB}.Debug|Any CPU.ActiveCfg = Debug|Any CPU
		{E92C09FA-5C26-46DB-B848-D0D1A3CA98EB}.Debug|Any CPU.Build.0 = Debug|Any CPU
		{E92C09FA-5C26-46DB-B848-D0D1A3CA98EB}.Release|Any CPU.ActiveCfg = Release|Any CPU
		{E92C09FA-5C26-46DB-B848-D0D1A3CA98EB}.Release|Any CPU.Build.0 = Release|Any CPU
		{F66C915F-3B5A-4D4B-A16A-4C0C6015D12E}.Debug|Any CPU.ActiveCfg = Debug|Any CPU
		{F66C915F-3B5A-4D4B-A16A-4C0C6015D12E}.Debug|Any CPU.Build.0 = Debug|Any CPU
		{F66C915F-3B5A-4D4B-A16A-4C0C6015D12E}.Release|Any CPU.ActiveCfg = Release|Any CPU
		{F66C915F-3B5A-4D4B-A16A-4C0C6015D12E}.Release|Any CPU.Build.0 = Release|Any CPU
		{F28F74B0-AC96-4CD9-B170-CB7EE65F91DA}.Debug|Any CPU.ActiveCfg = Debug|Any CPU
		{F28F74B0-AC96-4CD9-B170-CB7EE65F91DA}.Debug|Any CPU.Build.0 = Debug|Any CPU
		{F28F74B0-AC96-4CD9-B170-CB7EE65F91DA}.Release|Any CPU.ActiveCfg = Release|Any CPU
		{F28F74B0-AC96-4CD9-B170-CB7EE65F91DA}.Release|Any CPU.Build.0 = Release|Any CPU
		{F081936B-6E94-4B0A-92DF-D06F4E7D484F}.Debug|Any CPU.ActiveCfg = Debug|Any CPU
		{F081936B-6E94-4B0A-92DF-D06F4E7D484F}.Debug|Any CPU.Build.0 = Debug|Any CPU
		{F081936B-6E94-4B0A-92DF-D06F4E7D484F}.Release|Any CPU.ActiveCfg = Release|Any CPU
		{F081936B-6E94-4B0A-92DF-D06F4E7D484F}.Release|Any CPU.Build.0 = Release|Any CPU
		{807ED887-2CC3-4EB3-AD0E-4E5041883AD2}.Debug|Any CPU.ActiveCfg = Debug|Any CPU
		{807ED887-2CC3-4EB3-AD0E-4E5041883AD2}.Debug|Any CPU.Build.0 = Debug|Any CPU
		{807ED887-2CC3-4EB3-AD0E-4E5041883AD2}.Release|Any CPU.ActiveCfg = Release|Any CPU
		{807ED887-2CC3-4EB3-AD0E-4E5041883AD2}.Release|Any CPU.Build.0 = Release|Any CPU
	EndGlobalSection
	GlobalSection(SolutionProperties) = preSolution
		HideSolutionNode = FALSE
	EndGlobalSection
	GlobalSection(NestedProjects) = preSolution
		{F7BEEEBA-D7F1-4B07-ABF1-EAE82E3BE24A} = {3A28557F-57E8-4AD6-A76D-50AD1880B547}
		{C7DA1751-3BF9-4FC0-8AB5-F83850112733} = {6F2C7E18-769C-4492-9177-D75A4C91E343}
		{D9E5EF44-F96B-4AAD-803F-213E7AB64E1D} = {C334F7CE-9C6A-40FC-8C24-F9C091B0E765}
		{37FE14A4-F9B2-4721-9A5B-95B0F675930A} = {C334F7CE-9C6A-40FC-8C24-F9C091B0E765}
		{C9C52BC4-6A6C-496C-BCDD-1BDDC7D75E24} = {CBFE37ED-3D10-40FA-9D7F-A882ACD4AD34}
		{2634B245-44C9-4C21-9823-EA8CCBE312CC} = {6F2C7E18-769C-4492-9177-D75A4C91E343}
		{E38C9929-A101-40AA-BF34-152B812ED60F} = {6F2C7E18-769C-4492-9177-D75A4C91E343}
		{222CEFB3-DD70-4260-98F8-735DAE071A11} = {C334F7CE-9C6A-40FC-8C24-F9C091B0E765}
		{AB6C8353-0906-4D5E-AACE-CDF5B77493D8} = {CBFE37ED-3D10-40FA-9D7F-A882ACD4AD34}
		{D0356C3E-7843-4D12-A48D-4AF94480D19A} = {CBFE37ED-3D10-40FA-9D7F-A882ACD4AD34}
		{5911C5FC-8609-4E59-910D-3B7E4D22892F} = {C334F7CE-9C6A-40FC-8C24-F9C091B0E765}
		{D9102252-B77F-403E-AD24-4F25C6EC902C} = {C334F7CE-9C6A-40FC-8C24-F9C091B0E765}
		{8EAB5FD6-44DA-48F4-AD5F-963A78FEC73E} = {CBFE37ED-3D10-40FA-9D7F-A882ACD4AD34}
		{A497D51A-7C14-4207-BE15-12174F5C9395} = {CBFE37ED-3D10-40FA-9D7F-A882ACD4AD34}
		{50A3920A-42A0-452C-8B70-9C0078FE06AF} = {C334F7CE-9C6A-40FC-8C24-F9C091B0E765}
		{615F251B-48AD-4EF3-8021-6031A27862D1} = {CBFE37ED-3D10-40FA-9D7F-A882ACD4AD34}
		{BD908AD5-2CF4-4ABD-863F-420585823066} = {C334F7CE-9C6A-40FC-8C24-F9C091B0E765}
		{D2CDDD7D-B6A0-4F5F-9978-A4246B4D8984} = {CBFE37ED-3D10-40FA-9D7F-A882ACD4AD34}
		{EC25FDA4-BC12-49FF-9009-B88684813BF8} = {C334F7CE-9C6A-40FC-8C24-F9C091B0E765}
		{DC2C34DF-D711-4D6F-8E00-13A4A4AB412A} = {C334F7CE-9C6A-40FC-8C24-F9C091B0E765}
		{D4129C8E-579B-4244-9C36-FFCB63DDB359} = {C334F7CE-9C6A-40FC-8C24-F9C091B0E765}
		{3973AC34-7517-4E93-B373-94A205A3E314} = {CBFE37ED-3D10-40FA-9D7F-A882ACD4AD34}
		{08443A28-126E-4C21-83CF-AD77EC7D212C} = {6F2C7E18-769C-4492-9177-D75A4C91E343}
		{49BE8AB9-ECBB-4548-B76D-4A1B554ADB11} = {3A28557F-57E8-4AD6-A76D-50AD1880B547}
		{27F1AA91-102C-4C40-8219-ADFFC9FC5DE0} = {C334F7CE-9C6A-40FC-8C24-F9C091B0E765}
		{DC3E5985-8BA7-45CE-8C4B-426FA3B9FCC3} = {CBFE37ED-3D10-40FA-9D7F-A882ACD4AD34}
		{0BC7122F-0305-497C-BF01-C21B77F44FF6} = {CBFE37ED-3D10-40FA-9D7F-A882ACD4AD34}
		{1CAB1C1D-9A8F-4328-B9F0-718EE5A5EB65} = {3A28557F-57E8-4AD6-A76D-50AD1880B547}
		{E92C09FA-5C26-46DB-B848-D0D1A3CA98EB} = {CBFE37ED-3D10-40FA-9D7F-A882ACD4AD34}
		{F66C915F-3B5A-4D4B-A16A-4C0C6015D12E} = {CBFE37ED-3D10-40FA-9D7F-A882ACD4AD34}
		{F28F74B0-AC96-4CD9-B170-CB7EE65F91DA} = {C334F7CE-9C6A-40FC-8C24-F9C091B0E765}
		{F081936B-6E94-4B0A-92DF-D06F4E7D484F} = {CBFE37ED-3D10-40FA-9D7F-A882ACD4AD34}
		{807ED887-2CC3-4EB3-AD0E-4E5041883AD2} = {C334F7CE-9C6A-40FC-8C24-F9C091B0E765}
	EndGlobalSection
	GlobalSection(ExtensibilityGlobals) = postSolution
		SolutionGuid = {7C102E74-A522-439B-A82B-7AC11928209E}
	EndGlobalSection
EndGlobal
